{
  "version": 4,
  "terraform_version": "1.8.5",
  "serial": 54,
  "lineage": "f8a19a55-b932-419e-e251-4b7abf8a98cd",
  "outputs": {
    "alarm_actions": {
      "value": [
        "arn:aws:sns:us-east-1:654654361786:my-sns-topic"
      ],
      "type": [
        "tuple",
        [
          "string"
        ]
      ]
    },
    "dynamodb_table_name": {
      "value": "terraform-lock-table",
      "type": "string"
    },
    "ec2_id": {
      "value": "i-0ecb95dc662f31588",
      "type": "string"
    },
    "s3_bucket_name": {
      "value": "omarshaban32-s3-b1b2b3b4b5b6b7b8b9",
      "type": "string"
    }
  },
  "resources": [
    {
      "mode": "managed",
      "type": "aws_key_pair",
      "name": "generated_key",
      "provider": "provider[\"registry.terraform.io/hashicorp/aws\"]",
      "instances": [
        {
          "schema_version": 1,
          "attributes": {
            "arn": "arn:aws:ec2:us-east-1:654654361786:key-pair/mykeypair",
            "fingerprint": "b8:04:3a:07:ce:0b:18:05:4a:9d:38:eb:2b:28:fd:5e",
            "id": "mykeypair",
            "key_name": "mykeypair",
            "key_name_prefix": "",
            "key_pair_id": "key-0909fe134b0de1e20",
            "key_type": "rsa",
            "public_key": "ssh-rsa AAAAB3NzaC1yc2EAAAADAQABAAACAQDWq2b5woX2nejSQZ9hSCh6ZNUwRQGTf5vuC/7MvKy8jaCoebutkIZXQXpTn9cyr9CRTlj9i09mbMXVQveVrkGFzjF6hMTuwtvZ+6xh9YU0z4D6YNypGZFLG4h1wPiEXhahTIcoEHajqpFxrKWnXmMqCK7X540q5UBRjPflpwEsma9FDHqdBc+GDxSbDq9NtSniyoVtB87/+h88Qt289s6hWxl6f0JZBIEs9jndsMtjjzR7jevLNPeQJwZi8K2XOt9Pe9wJmTbzaZ6eNTUhlvsB7klVMd9hV0t0yrnNtZCio+xzYWRZzs53F2SajUHjdLwSWjfxlYB7taPA9nHGwQsTcH+gT+X2XcE2UHB+29HIXyPxZFuCUnmISwG2Cu+uzgLTCydgPBguq5k28RAvjo8PwCx/oE+wufCbHvXVukIrLK/Vcl7kcaKhfvEtJiJP6GCxKx2iNnmBMrm9lnl2bDKOpbDFTtJ9ePZOhPj4Vj8xVQfvUEjizLQivCvgDdw7yNpwl4y6g6kpxnQJ6lgUgLWMjdFCbkd2AsCR6t6hzzGcTibsnPUNeOlDhuGJXbbaIR2iy/timsxM4OlYdr0OhOD1nIOHPxHMbFeoMFs2Z/2IngRfekzhehntIyPDTOzukNj4szNS3hCCo/SF3JPqJfmxkv0qSCE6pnqzCMrryPFltw==",
            "tags": null,
            "tags_all": {}
          },
          "sensitive_attributes": [],
          "private": "eyJzY2hlbWFfdmVyc2lvbiI6IjEifQ==",
          "dependencies": [
            "tls_private_key.myprivatekey"
          ]
        }
      ]
    },
    {
      "mode": "managed",
      "type": "aws_sns_topic",
      "name": "my_sns_topic",
      "provider": "provider[\"registry.terraform.io/hashicorp/aws\"]",
      "instances": [
        {
          "schema_version": 0,
          "attributes": {
            "application_failure_feedback_role_arn": "",
            "application_success_feedback_role_arn": "",
            "application_success_feedback_sample_rate": 0,
            "archive_policy": "",
            "arn": "arn:aws:sns:us-east-1:654654361786:my-sns-topic",
            "beginning_archive_time": "",
            "content_based_deduplication": false,
            "delivery_policy": "",
            "display_name": "",
            "fifo_topic": false,
            "firehose_failure_feedback_role_arn": "",
            "firehose_success_feedback_role_arn": "",
            "firehose_success_feedback_sample_rate": 0,
            "http_failure_feedback_role_arn": "",
            "http_success_feedback_role_arn": "",
            "http_success_feedback_sample_rate": 0,
            "id": "arn:aws:sns:us-east-1:654654361786:my-sns-topic",
            "kms_master_key_id": "",
            "lambda_failure_feedback_role_arn": "",
            "lambda_success_feedback_role_arn": "",
            "lambda_success_feedback_sample_rate": 0,
            "name": "my-sns-topic",
            "name_prefix": "",
            "owner": "654654361786",
            "policy": "{\"Id\":\"__default_policy_ID\",\"Statement\":[{\"Action\":[\"SNS:GetTopicAttributes\",\"SNS:SetTopicAttributes\",\"SNS:AddPermission\",\"SNS:RemovePermission\",\"SNS:DeleteTopic\",\"SNS:Subscribe\",\"SNS:ListSubscriptionsByTopic\",\"SNS:Publish\"],\"Condition\":{\"StringEquals\":{\"AWS:SourceOwner\":\"654654361786\"}},\"Effect\":\"Allow\",\"Principal\":{\"AWS\":\"*\"},\"Resource\":\"arn:aws:sns:us-east-1:654654361786:my-sns-topic\",\"Sid\":\"__default_statement_ID\"}],\"Version\":\"2008-10-17\"}",
            "signature_version": 0,
            "sqs_failure_feedback_role_arn": "",
            "sqs_success_feedback_role_arn": "",
            "sqs_success_feedback_sample_rate": 0,
            "tags": null,
            "tags_all": {},
            "tracing_config": ""
          },
          "sensitive_attributes": [],
          "private": "bnVsbA=="
        }
      ]
    },
    {
      "mode": "managed",
      "type": "aws_sns_topic_subscription",
      "name": "email_subscription",
      "provider": "provider[\"registry.terraform.io/hashicorp/aws\"]",
      "instances": [
        {
          "schema_version": 0,
          "attributes": {
            "arn": "arn:aws:sns:us-east-1:654654361786:my-sns-topic:8740cb67-4aba-4980-9ed3-6680e80804ed",
            "confirmation_timeout_in_minutes": 1,
            "confirmation_was_authenticated": false,
            "delivery_policy": "",
            "endpoint": "omar.elsheemy32@gmail.com",
            "endpoint_auto_confirms": false,
            "filter_policy": "",
            "filter_policy_scope": "",
            "id": "arn:aws:sns:us-east-1:654654361786:my-sns-topic:8740cb67-4aba-4980-9ed3-6680e80804ed",
            "owner_id": "654654361786",
            "pending_confirmation": true,
            "protocol": "email",
            "raw_message_delivery": false,
            "redrive_policy": "",
            "replay_policy": "",
            "subscription_role_arn": "",
            "topic_arn": "arn:aws:sns:us-east-1:654654361786:my-sns-topic"
          },
          "sensitive_attributes": [],
          "private": "bnVsbA==",
          "dependencies": [
            "aws_sns_topic.my_sns_topic"
          ]
        }
      ]
    },
    {
      "mode": "managed",
      "type": "local_file",
      "name": "private_key",
      "provider": "provider[\"registry.terraform.io/hashicorp/local\"]",
      "instances": [
        {
          "schema_version": 0,
          "attributes": {
            "content": "-----BEGIN RSA PRIVATE KEY-----\nMIIJKQIBAAKCAgEA1qtm+cKF9p3o0kGfYUgoemTVMEUBk3+b7gv+zLysvI2gqHm7\nrZCGV0F6U5/XMq/QkU5Y/YtPZmzF1UL3la5Bhc4xeoTE7sLb2fusYfWFNM+A+mDc\nqRmRSxuIdcD4hF4WoUyHKBB2o6qRcaylp15jKgiu1+eNKuVAUYz35acBLJmvRQx6\nnQXPhg8Umw6vTbUp4sqFbQfO//ofPELdvPbOoVsZen9CWQSBLPY53bDLY480e43r\nyzT3kCcGYvCtlzrfT3vcCZk282menjU1IZb7Ae5JVTHfYVdLdMq5zbWQoqPsc2Fk\nWc7Odxdkmo1B43S8Elo38ZWAe7WjwPZxxsELE3B/oE/l9l3BNlBwftvRyF8j8WRb\nglJ5iEsBtgrvrs4C0wsnYDwYLquZNvEQL46PD8Asf6BPsLnwmx711bpCKyyv1XJe\n5HGioX7xLSYiT+hgsSsdojZ5gTK5vZZ5dmwyjqWwxU7SfXj2ToT4+FY/MVUH71BI\n4sy0Irwr4A3cO8jacJeMuoOpKcZ0CepYFIC1jI3RQm5HdgLAkereoc8xnE4m7Jz1\nDXjpQ4bhiV222iEdosv7YprMTODpWHa9DoTg9ZyDhz8RzGxXqDBbNmf9iJ4EX3pM\n4XoZ7SMjw0zs7pDY+LMzUt4QgqP0hdyT6iX5sZL9KkghOqZ6swjK68jxZbcCAwEA\nAQKCAgAyVq8nEj5nvk/CPjEplsonKU30q7na5KmkAJwXVocLEAsEdsdTw/g8rdYJ\nlgnYkPHPoRetHOXZltgtUi7MorgqsFdZ65hihL8ZNrMNpY0+/Qm5rM0RujUf76zo\nMAAWyhl0aYWoF3Q6nNzOUzXlMXT/flnBt0KbNHcIqI3ZBHh6BO/cuThnad1oClFC\nqwbgqgLQc70l/BbGX9jDQMrObPG3VK181CqyxSOlb3fSTIrlJceg0X7hf+Ito3kT\n6mxKcju7X8gRWCRSoAnZ/5Ad+FGT+lSn7bH8GYRQNtmrK1BnUxk3VTc6+AviUVH+\nC/HPbKhNhWpo9C3U1Js5vJChktMNpbpzKv4RrVgDenXajwkXtXXYrpgWH1H6nwxW\nZY7PdPEk4P2iVgYsVqt7Far/WyoK2nzL7rujQ+RtqSuYyfLPDaNR2uaIC5OcJogF\nAtQU4B47tTRYjiAu3FGRvKPzstVk+IY+XU4Hei+sEL7NWcLKeSBFgXCrTA5Aksd4\nTSt/Af+uH/LCEpvhO7ZdWd2dHzvHkAJI08hsHg/Vey+lLhuYC+JhzeDQdq4Vf/DG\n6ArNfeKruuAXV9ZlYOGRIaLyXDO+ZjqoRz3Nky8VLVAONeWcpQI2QTMDVo8Y0wrh\nFJTX1e2+1vQjITWY75IySrqFysGInyPT5A+chi6wSDlqb+DvQQKCAQEA+rkv7jw7\nqZpDV08cnHepkYQLXnyRd0SoL9PcIYZVBjuAU6FBbJOGRDLLFiO5XcxsmRjaC8Dz\n6gAq9XJW6cfyCMwqwETiCC+hiv88JPtx8NvBoHWtba/k7UCOlKqhmOKEo3aidW6e\nCWxbx+Ae7EDnnJiFUZKekYrjHjveWucIFyJOS4Tju+6WkrKG7+6P9w2g1q0NKEhs\nj5C/9vwr/dCPImlOw0H0/oSQ2pyF8yNg7evcqhaBMGILxcfco3wfrTG4QNPAYQ48\ntX1bBWGYykAY1SJxPSAYzf8PufVuoEm7ue1D44Bj/RyTi4GMGgC9HyFtvIPtFI7P\ncTtf8NTs5hDdJQKCAQEA2y/4FjcLZ6Fnq9Cs7VV6HPUVymwfPfQTqYW29w0MbL/U\nevrv+VrGCoSkm0FmfvaCj4+96Kd9yUf3dw1kEbeCBzKzYzPyYpeEyAgjMpMVEXQ2\nx9LFbzjNgQkB/mGuu3CxKAU/tVXvBiQp5ykjofY4uw4FWilT4KYsRsg+H6NO6/o7\nFxwx1+NKLipfZJL6y5tH3vTirpZtKBfoKE4hoeycCdnoNRM03ypCOyg/XxY/Fd+o\nDj2Y69ob7/iJw7oi9oAFWrx2NgAEK6XKGKF4M/9+RE3R7iDZCZ2baNpOSWP1ObWn\nrFWdGU+3klVcKPmDj3OYLsDic1jWyeqYJHWeP5KWqwKCAQEAwJahd6ky1xuU4Kr3\nOkU8rnc0WHbtMiU938coT2QlSW1JLHQwkhtbxmUR1MbKK3/MZ2lMjDzB35wTY4hZ\ntKgOha12pUwEJ++WcfOOmoW+xxm2yO+7sQasnYW6P/41tP9CjWGidvvqTyi583V3\nq1hL0ODjf35VaUy7Gs04BrFyaHrEk4PXftNNPBAAUKr6UPZZ9qzk7216Xmj829Zm\nYEfkurUTeC7g5uSjdBlJVzN00C0dylURFT4q9tiH5diBaINJmhpNqv/JqEtLMH4A\nZFMKACW9wAs4ontq9BfPyzX4CmBzhnxn0dQyjbWMDalFnHUMGwNniCQOula2YoLc\nGfkYNQKCAQEApwiUP6GtAElBLu80iRzllSG0fHEPEfBp93sd5oE8IbfCXgHTVKw3\nVZaltmcNi92hu3OoHp9dPUGptUEwLEwzO/cIO6Y/paCgIKwK3qS1nnp4sKjPqqWX\n/ih2K3wXY2JKrxvo4/Db2Us/35g7Plbb/rh9nar277DS9xHsPcH/B9fGpiLnXQUp\n56qEzakwlG7+Q0tNYAzknHQziFuaR8J/WwaDbcb4OMUEef5+5KCYbLvnXwrT+ZBa\nT/KQUecMc9s1uWL7lsVGaFjMfR638rBWcgj33UeM/kXsQ+hxVn5lR5hGcg9ATCSy\n2UJRnCwhdPV7WM3HBG4EKRWs4cP8V6gHRwKCAQBICsQsmm9N/It/EpkKrqhob5V7\nLgYl+4bPuyGKSmiFGC70Y5j9V8e3ws6fWOfafX7JMD50/dr2mcMRiFug/nS+3kem\nG5ZKeY04DnN61x8IpTh5ShRCk/J1UaL/ej5Ar6+Lo2K4PJPhe9l4FjcOh+MiD4uT\nrSErq19/YL7wgqaSqQBpWaOJAb6/zQCEJfgLmHr7QeeSuWM9nfF3HIwvU+Oxh69d\n8uHrfGsbRqGTAmiQ2VLnMV5PC5oOZl4i2li9TiNOOZ+qWJg9eXSFMiSWp9BSx1i5\nqFhwJAxH4l8Sg5Jdk+ToUq24FeuXtFkKyZ83UE7k+/T/5iG+VkVq4XnSEdT7\n-----END RSA PRIVATE KEY-----\n",
            "content_base64": null,
            "content_base64sha256": "Rh1Uh3tyfilPwYPhZ+Py6nAzjz5YZ7rxq9h5kOgcmm0=",
            "content_base64sha512": "WRVbLQzhG48WTuI51r3scjEviYfmuoKMtLiI3snJ1Pmzja6NUv0xLd254BmezVdiD9BHqN7QdtzhaVcnsODfbw==",
            "content_md5": "852a26ba597885dd7bbd01510032a96d",
            "content_sha1": "0e267957fd184422954bde261f7813301dbf0025",
            "content_sha256": "461d54877b727e294fc183e167e3f2ea70338f3e5867baf1abd87990e81c9a6d",
            "content_sha512": "59155b2d0ce11b8f164ee239d6bdec72312f8987e6ba828cb4b888dec9c9d4f9b38dae8d52fd312dddb9e0199ecd57620fd047a8ded076dce1695727b0e0df6f",
            "directory_permission": "0777",
            "file_permission": "0777",
            "filename": "../../ansible/private_key.pem",
            "id": "0e267957fd184422954bde261f7813301dbf0025",
            "sensitive_content": null,
            "source": null
          },
          "sensitive_attributes": [
            [
              {
                "type": "get_attr",
                "value": "content"
              }
            ],
            [
              {
                "type": "get_attr",
                "value": "sensitive_content"
              }
            ]
          ],
          "dependencies": [
            "module.ec2.aws_ebs_volume.ec2_volume",
            "module.ec2.aws_instance.app",
            "module.ec2.aws_volume_attachment.ec2_attachment",
            "module.security_groups.aws_security_group.main",
            "module.subnets.aws_subnet.public",
            "module.vpc.aws_vpc.main",
            "tls_private_key.myprivatekey"
          ]
        }
      ]
    },
    {
      "mode": "managed",
      "type": "null_resource",
      "name": "set_permissions",
      "provider": "provider[\"registry.terraform.io/hashicorp/null\"]",
      "instances": [
        {
          "schema_version": 0,
          "attributes": {
            "id": "4171061006633000116",
            "triggers": null
          },
          "sensitive_attributes": [],
          "dependencies": [
            "local_file.private_key",
            "module.ec2.aws_ebs_volume.ec2_volume",
            "module.ec2.aws_instance.app",
            "module.ec2.aws_volume_attachment.ec2_attachment",
            "module.security_groups.aws_security_group.main",
            "module.subnets.aws_subnet.public",
            "module.vpc.aws_vpc.main",
            "tls_private_key.myprivatekey"
          ]
        }
      ]
    },
    {
      "mode": "managed",
      "type": "tls_private_key",
      "name": "myprivatekey",
      "provider": "provider[\"registry.terraform.io/hashicorp/tls\"]",
      "instances": [
        {
          "schema_version": 1,
          "attributes": {
            "algorithm": "RSA",
            "ecdsa_curve": "P224",
            "id": "c63bb7336342bc0e038d6269b19996da4e3000ce",
            "private_key_openssh": "-----BEGIN OPENSSH PRIVATE KEY-----\nb3BlbnNzaC1rZXktdjEAAAAABG5vbmUAAAAEbm9uZQAAAAAAAAABAAACFwAAAAdz\nc2gtcnNhAAAAAwEAAQAAAgEA1qtm+cKF9p3o0kGfYUgoemTVMEUBk3+b7gv+zLys\nvI2gqHm7rZCGV0F6U5/XMq/QkU5Y/YtPZmzF1UL3la5Bhc4xeoTE7sLb2fusYfWF\nNM+A+mDcqRmRSxuIdcD4hF4WoUyHKBB2o6qRcaylp15jKgiu1+eNKuVAUYz35acB\nLJmvRQx6nQXPhg8Umw6vTbUp4sqFbQfO//ofPELdvPbOoVsZen9CWQSBLPY53bDL\nY480e43ryzT3kCcGYvCtlzrfT3vcCZk282menjU1IZb7Ae5JVTHfYVdLdMq5zbWQ\noqPsc2FkWc7Odxdkmo1B43S8Elo38ZWAe7WjwPZxxsELE3B/oE/l9l3BNlBwftvR\nyF8j8WRbglJ5iEsBtgrvrs4C0wsnYDwYLquZNvEQL46PD8Asf6BPsLnwmx711bpC\nKyyv1XJe5HGioX7xLSYiT+hgsSsdojZ5gTK5vZZ5dmwyjqWwxU7SfXj2ToT4+FY/\nMVUH71BI4sy0Irwr4A3cO8jacJeMuoOpKcZ0CepYFIC1jI3RQm5HdgLAkereoc8x\nnE4m7Jz1DXjpQ4bhiV222iEdosv7YprMTODpWHa9DoTg9ZyDhz8RzGxXqDBbNmf9\niJ4EX3pM4XoZ7SMjw0zs7pDY+LMzUt4QgqP0hdyT6iX5sZL9KkghOqZ6swjK68jx\nZbcAAAc4gaO7BoGjuwYAAAAHc3NoLXJzYQAAAgEA1qtm+cKF9p3o0kGfYUgoemTV\nMEUBk3+b7gv+zLysvI2gqHm7rZCGV0F6U5/XMq/QkU5Y/YtPZmzF1UL3la5Bhc4x\neoTE7sLb2fusYfWFNM+A+mDcqRmRSxuIdcD4hF4WoUyHKBB2o6qRcaylp15jKgiu\n1+eNKuVAUYz35acBLJmvRQx6nQXPhg8Umw6vTbUp4sqFbQfO//ofPELdvPbOoVsZ\nen9CWQSBLPY53bDLY480e43ryzT3kCcGYvCtlzrfT3vcCZk282menjU1IZb7Ae5J\nVTHfYVdLdMq5zbWQoqPsc2FkWc7Odxdkmo1B43S8Elo38ZWAe7WjwPZxxsELE3B/\noE/l9l3BNlBwftvRyF8j8WRbglJ5iEsBtgrvrs4C0wsnYDwYLquZNvEQL46PD8As\nf6BPsLnwmx711bpCKyyv1XJe5HGioX7xLSYiT+hgsSsdojZ5gTK5vZZ5dmwyjqWw\nxU7SfXj2ToT4+FY/MVUH71BI4sy0Irwr4A3cO8jacJeMuoOpKcZ0CepYFIC1jI3R\nQm5HdgLAkereoc8xnE4m7Jz1DXjpQ4bhiV222iEdosv7YprMTODpWHa9DoTg9ZyD\nhz8RzGxXqDBbNmf9iJ4EX3pM4XoZ7SMjw0zs7pDY+LMzUt4QgqP0hdyT6iX5sZL9\nKkghOqZ6swjK68jxZbcAAAADAQABAAACADJWrycSPme+T8I+MSmWyicpTfSrudrk\nqaQAnBdWhwsQCwR2x1PD+Dyt1gmWCdiQ8c+hF60c5dmW2C1SLsyiuCqwV1nrmGKE\nvxk2sw2ljT79CbmszRG6NR/vrOgwABbKGXRphagXdDqc3M5TNeUxdP9+WcG3Qps0\ndwiojdkEeHoE79y5OGdp3WgKUUKrBuCqAtBzvSX8FsZf2MNAys5s8bdUrXzUKrLF\nI6Vvd9JMiuUlx6DRfuF/4i2jeRPqbEpyO7tfyBFYJFKgCdn/kB34UZP6VKftsfwZ\nhFA22asrUGdTGTdVNzr4C+JRUf4L8c9sqE2Famj0LdTUmzm8kKGS0w2lunMq/hGt\nWAN6ddqPCRe1ddiumBYfUfqfDFZljs908STg/aJWBixWq3sVqv9bKgrafMvuu6ND\n5G2pK5jJ8s8No1Ha5ogLk5wmiAUC1BTgHju1NFiOIC7cUZG8o/Oy1WT4hj5dTgd6\nL6wQvs1Zwsp5IEWBcKtMDkCSx3hNK38B/64f8sISm+E7tl1Z3Z0fO8eQAkjTyGwe\nD9V7L6UuG5gL4mHN4NB2rhV/8MboCs194qu64BdX1mVg4ZEhovJcM75mOqhHPc2T\nLxUtUA415ZylAjZBMwNWjxjTCuEUlNfV7b7W9CMhNZjvkjJKuoXKwYifI9PkD5yG\nLrBIOWpv4O9BAAABAEgKxCyab038i38SmQquqGhvlXsuBiX7hs+7IYpKaIUYLvRj\nmP1Xx7fCzp9Y59p9fskwPnT92vaZwxGIW6D+dL7eR6Yblkp5jTgOc3rXHwilOHlK\nFEKT8nVRov96PkCvr4ujYrg8k+F72XgWNw6H4yIPi5OtISurX39gvvCCppKpAGlZ\no4kBvr/NAIQl+AuYevtB55K5Yz2d8XccjC9T47GHr13y4et8axtGoZMCaJDZUucx\nXk8Lmg5mXiLaWL1OI045n6pYmD15dIUyJJan0FLHWLmoWHAkDEfiXxKDkl2T5OhS\nrbgV65e0WQrJnzdQTuT79P/mIb5WRWrhedIR1PsAAAEBAPq5L+48O6maQ1dPHJx3\nqZGEC158kXdEqC/T3CGGVQY7gFOhQWyThkQyyxYjuV3MbJkY2gvA8+oAKvVyVunH\n8gjMKsBE4ggvoYr/PCT7cfDbwaB1rW2v5O1AjpSqoZjihKN2onVunglsW8fgHuxA\n55yYhVGSnpGK4x473lrnCBciTkuE47vulpKyhu/uj/cNoNatDShIbI+Qv/b8K/3Q\njyJpTsNB9P6EkNqchfMjYO3r3KoWgTBiC8XH3KN8H60xuEDTwGEOPLV9WwVhmMpA\nGNUicT0gGM3/D7n1bqBJu7ntQ+OAY/0ck4uBjBoAvR8hbbyD7RSOz3E7X/DU7OYQ\n3SUAAAEBANsv+BY3C2ehZ6vQrO1Vehz1FcpsHz30E6mFtvcNDGy/1Hr67/laxgqE\npJtBZn72go+PveinfclH93cNZBG3ggcys2Mz8mKXhMgIIzKTFRF0NsfSxW84zYEJ\nAf5hrrtwsSgFP7VV7wYkKecpI6H2OLsOBVopU+CmLEbIPh+jTuv6OxccMdfjSi4q\nX2SS+subR9704q6WbSgX6ChOIaHsnAnZ6DUTNN8qQjsoP18WPxXfqA49mOvaG+/4\nicO6IvaABVq8djYABCulyhiheDP/fkRN0e4g2Qmdm2jaTklj9Tm1p6xVnRlPt5JV\nXCj5g49zmC7A4nNY1snqmCR1nj+SlqsAAAAAAQID\n-----END OPENSSH PRIVATE KEY-----\n",
            "private_key_pem": "-----BEGIN RSA PRIVATE KEY-----\nMIIJKQIBAAKCAgEA1qtm+cKF9p3o0kGfYUgoemTVMEUBk3+b7gv+zLysvI2gqHm7\nrZCGV0F6U5/XMq/QkU5Y/YtPZmzF1UL3la5Bhc4xeoTE7sLb2fusYfWFNM+A+mDc\nqRmRSxuIdcD4hF4WoUyHKBB2o6qRcaylp15jKgiu1+eNKuVAUYz35acBLJmvRQx6\nnQXPhg8Umw6vTbUp4sqFbQfO//ofPELdvPbOoVsZen9CWQSBLPY53bDLY480e43r\nyzT3kCcGYvCtlzrfT3vcCZk282menjU1IZb7Ae5JVTHfYVdLdMq5zbWQoqPsc2Fk\nWc7Odxdkmo1B43S8Elo38ZWAe7WjwPZxxsELE3B/oE/l9l3BNlBwftvRyF8j8WRb\nglJ5iEsBtgrvrs4C0wsnYDwYLquZNvEQL46PD8Asf6BPsLnwmx711bpCKyyv1XJe\n5HGioX7xLSYiT+hgsSsdojZ5gTK5vZZ5dmwyjqWwxU7SfXj2ToT4+FY/MVUH71BI\n4sy0Irwr4A3cO8jacJeMuoOpKcZ0CepYFIC1jI3RQm5HdgLAkereoc8xnE4m7Jz1\nDXjpQ4bhiV222iEdosv7YprMTODpWHa9DoTg9ZyDhz8RzGxXqDBbNmf9iJ4EX3pM\n4XoZ7SMjw0zs7pDY+LMzUt4QgqP0hdyT6iX5sZL9KkghOqZ6swjK68jxZbcCAwEA\nAQKCAgAyVq8nEj5nvk/CPjEplsonKU30q7na5KmkAJwXVocLEAsEdsdTw/g8rdYJ\nlgnYkPHPoRetHOXZltgtUi7MorgqsFdZ65hihL8ZNrMNpY0+/Qm5rM0RujUf76zo\nMAAWyhl0aYWoF3Q6nNzOUzXlMXT/flnBt0KbNHcIqI3ZBHh6BO/cuThnad1oClFC\nqwbgqgLQc70l/BbGX9jDQMrObPG3VK181CqyxSOlb3fSTIrlJceg0X7hf+Ito3kT\n6mxKcju7X8gRWCRSoAnZ/5Ad+FGT+lSn7bH8GYRQNtmrK1BnUxk3VTc6+AviUVH+\nC/HPbKhNhWpo9C3U1Js5vJChktMNpbpzKv4RrVgDenXajwkXtXXYrpgWH1H6nwxW\nZY7PdPEk4P2iVgYsVqt7Far/WyoK2nzL7rujQ+RtqSuYyfLPDaNR2uaIC5OcJogF\nAtQU4B47tTRYjiAu3FGRvKPzstVk+IY+XU4Hei+sEL7NWcLKeSBFgXCrTA5Aksd4\nTSt/Af+uH/LCEpvhO7ZdWd2dHzvHkAJI08hsHg/Vey+lLhuYC+JhzeDQdq4Vf/DG\n6ArNfeKruuAXV9ZlYOGRIaLyXDO+ZjqoRz3Nky8VLVAONeWcpQI2QTMDVo8Y0wrh\nFJTX1e2+1vQjITWY75IySrqFysGInyPT5A+chi6wSDlqb+DvQQKCAQEA+rkv7jw7\nqZpDV08cnHepkYQLXnyRd0SoL9PcIYZVBjuAU6FBbJOGRDLLFiO5XcxsmRjaC8Dz\n6gAq9XJW6cfyCMwqwETiCC+hiv88JPtx8NvBoHWtba/k7UCOlKqhmOKEo3aidW6e\nCWxbx+Ae7EDnnJiFUZKekYrjHjveWucIFyJOS4Tju+6WkrKG7+6P9w2g1q0NKEhs\nj5C/9vwr/dCPImlOw0H0/oSQ2pyF8yNg7evcqhaBMGILxcfco3wfrTG4QNPAYQ48\ntX1bBWGYykAY1SJxPSAYzf8PufVuoEm7ue1D44Bj/RyTi4GMGgC9HyFtvIPtFI7P\ncTtf8NTs5hDdJQKCAQEA2y/4FjcLZ6Fnq9Cs7VV6HPUVymwfPfQTqYW29w0MbL/U\nevrv+VrGCoSkm0FmfvaCj4+96Kd9yUf3dw1kEbeCBzKzYzPyYpeEyAgjMpMVEXQ2\nx9LFbzjNgQkB/mGuu3CxKAU/tVXvBiQp5ykjofY4uw4FWilT4KYsRsg+H6NO6/o7\nFxwx1+NKLipfZJL6y5tH3vTirpZtKBfoKE4hoeycCdnoNRM03ypCOyg/XxY/Fd+o\nDj2Y69ob7/iJw7oi9oAFWrx2NgAEK6XKGKF4M/9+RE3R7iDZCZ2baNpOSWP1ObWn\nrFWdGU+3klVcKPmDj3OYLsDic1jWyeqYJHWeP5KWqwKCAQEAwJahd6ky1xuU4Kr3\nOkU8rnc0WHbtMiU938coT2QlSW1JLHQwkhtbxmUR1MbKK3/MZ2lMjDzB35wTY4hZ\ntKgOha12pUwEJ++WcfOOmoW+xxm2yO+7sQasnYW6P/41tP9CjWGidvvqTyi583V3\nq1hL0ODjf35VaUy7Gs04BrFyaHrEk4PXftNNPBAAUKr6UPZZ9qzk7216Xmj829Zm\nYEfkurUTeC7g5uSjdBlJVzN00C0dylURFT4q9tiH5diBaINJmhpNqv/JqEtLMH4A\nZFMKACW9wAs4ontq9BfPyzX4CmBzhnxn0dQyjbWMDalFnHUMGwNniCQOula2YoLc\nGfkYNQKCAQEApwiUP6GtAElBLu80iRzllSG0fHEPEfBp93sd5oE8IbfCXgHTVKw3\nVZaltmcNi92hu3OoHp9dPUGptUEwLEwzO/cIO6Y/paCgIKwK3qS1nnp4sKjPqqWX\n/ih2K3wXY2JKrxvo4/Db2Us/35g7Plbb/rh9nar277DS9xHsPcH/B9fGpiLnXQUp\n56qEzakwlG7+Q0tNYAzknHQziFuaR8J/WwaDbcb4OMUEef5+5KCYbLvnXwrT+ZBa\nT/KQUecMc9s1uWL7lsVGaFjMfR638rBWcgj33UeM/kXsQ+hxVn5lR5hGcg9ATCSy\n2UJRnCwhdPV7WM3HBG4EKRWs4cP8V6gHRwKCAQBICsQsmm9N/It/EpkKrqhob5V7\nLgYl+4bPuyGKSmiFGC70Y5j9V8e3ws6fWOfafX7JMD50/dr2mcMRiFug/nS+3kem\nG5ZKeY04DnN61x8IpTh5ShRCk/J1UaL/ej5Ar6+Lo2K4PJPhe9l4FjcOh+MiD4uT\nrSErq19/YL7wgqaSqQBpWaOJAb6/zQCEJfgLmHr7QeeSuWM9nfF3HIwvU+Oxh69d\n8uHrfGsbRqGTAmiQ2VLnMV5PC5oOZl4i2li9TiNOOZ+qWJg9eXSFMiSWp9BSx1i5\nqFhwJAxH4l8Sg5Jdk+ToUq24FeuXtFkKyZ83UE7k+/T/5iG+VkVq4XnSEdT7\n-----END RSA PRIVATE KEY-----\n",
            "private_key_pem_pkcs8": "-----BEGIN PRIVATE KEY-----\nMIIJQwIBADANBgkqhkiG9w0BAQEFAASCCS0wggkpAgEAAoICAQDWq2b5woX2nejS\nQZ9hSCh6ZNUwRQGTf5vuC/7MvKy8jaCoebutkIZXQXpTn9cyr9CRTlj9i09mbMXV\nQveVrkGFzjF6hMTuwtvZ+6xh9YU0z4D6YNypGZFLG4h1wPiEXhahTIcoEHajqpFx\nrKWnXmMqCK7X540q5UBRjPflpwEsma9FDHqdBc+GDxSbDq9NtSniyoVtB87/+h88\nQt289s6hWxl6f0JZBIEs9jndsMtjjzR7jevLNPeQJwZi8K2XOt9Pe9wJmTbzaZ6e\nNTUhlvsB7klVMd9hV0t0yrnNtZCio+xzYWRZzs53F2SajUHjdLwSWjfxlYB7taPA\n9nHGwQsTcH+gT+X2XcE2UHB+29HIXyPxZFuCUnmISwG2Cu+uzgLTCydgPBguq5k2\n8RAvjo8PwCx/oE+wufCbHvXVukIrLK/Vcl7kcaKhfvEtJiJP6GCxKx2iNnmBMrm9\nlnl2bDKOpbDFTtJ9ePZOhPj4Vj8xVQfvUEjizLQivCvgDdw7yNpwl4y6g6kpxnQJ\n6lgUgLWMjdFCbkd2AsCR6t6hzzGcTibsnPUNeOlDhuGJXbbaIR2iy/timsxM4OlY\ndr0OhOD1nIOHPxHMbFeoMFs2Z/2IngRfekzhehntIyPDTOzukNj4szNS3hCCo/SF\n3JPqJfmxkv0qSCE6pnqzCMrryPFltwIDAQABAoICADJWrycSPme+T8I+MSmWyicp\nTfSrudrkqaQAnBdWhwsQCwR2x1PD+Dyt1gmWCdiQ8c+hF60c5dmW2C1SLsyiuCqw\nV1nrmGKEvxk2sw2ljT79CbmszRG6NR/vrOgwABbKGXRphagXdDqc3M5TNeUxdP9+\nWcG3Qps0dwiojdkEeHoE79y5OGdp3WgKUUKrBuCqAtBzvSX8FsZf2MNAys5s8bdU\nrXzUKrLFI6Vvd9JMiuUlx6DRfuF/4i2jeRPqbEpyO7tfyBFYJFKgCdn/kB34UZP6\nVKftsfwZhFA22asrUGdTGTdVNzr4C+JRUf4L8c9sqE2Famj0LdTUmzm8kKGS0w2l\nunMq/hGtWAN6ddqPCRe1ddiumBYfUfqfDFZljs908STg/aJWBixWq3sVqv9bKgra\nfMvuu6ND5G2pK5jJ8s8No1Ha5ogLk5wmiAUC1BTgHju1NFiOIC7cUZG8o/Oy1WT4\nhj5dTgd6L6wQvs1Zwsp5IEWBcKtMDkCSx3hNK38B/64f8sISm+E7tl1Z3Z0fO8eQ\nAkjTyGweD9V7L6UuG5gL4mHN4NB2rhV/8MboCs194qu64BdX1mVg4ZEhovJcM75m\nOqhHPc2TLxUtUA415ZylAjZBMwNWjxjTCuEUlNfV7b7W9CMhNZjvkjJKuoXKwYif\nI9PkD5yGLrBIOWpv4O9BAoIBAQD6uS/uPDupmkNXTxycd6mRhAtefJF3RKgv09wh\nhlUGO4BToUFsk4ZEMssWI7ldzGyZGNoLwPPqACr1clbpx/IIzCrAROIIL6GK/zwk\n+3Hw28Ggda1tr+TtQI6UqqGY4oSjdqJ1bp4JbFvH4B7sQOecmIVRkp6RiuMeO95a\n5wgXIk5LhOO77paSsobv7o/3DaDWrQ0oSGyPkL/2/Cv90I8iaU7DQfT+hJDanIXz\nI2Dt69yqFoEwYgvFx9yjfB+tMbhA08BhDjy1fVsFYZjKQBjVInE9IBjN/w+59W6g\nSbu57UPjgGP9HJOLgYwaAL0fIW28g+0Ujs9xO1/w1OzmEN0lAoIBAQDbL/gWNwtn\noWer0KztVXoc9RXKbB899BOphbb3DQxsv9R6+u/5WsYKhKSbQWZ+9oKPj73op33J\nR/d3DWQRt4IHMrNjM/Jil4TICCMykxURdDbH0sVvOM2BCQH+Ya67cLEoBT+1Ve8G\nJCnnKSOh9ji7DgVaKVPgpixGyD4fo07r+jsXHDHX40ouKl9kkvrLm0fe9OKulm0o\nF+goTiGh7JwJ2eg1EzTfKkI7KD9fFj8V36gOPZjr2hvv+InDuiL2gAVavHY2AAQr\npcoYoXgz/35ETdHuINkJnZto2k5JY/U5taesVZ0ZT7eSVVwo+YOPc5guwOJzWNbJ\n6pgkdZ4/kparAoIBAQDAlqF3qTLXG5Tgqvc6RTyudzRYdu0yJT3fxyhPZCVJbUks\ndDCSG1vGZRHUxsorf8xnaUyMPMHfnBNjiFm0qA6FrXalTAQn75Zx846ahb7HGbbI\n77uxBqydhbo//jW0/0KNYaJ2++pPKLnzdXerWEvQ4ON/flVpTLsazTgGsXJoesST\ng9d+0008EABQqvpQ9ln2rOTvbXpeaPzb1mZgR+S6tRN4LuDm5KN0GUlXM3TQLR3K\nVREVPir22Ifl2IFog0maGk2q/8moS0swfgBkUwoAJb3ACziie2r0F8/LNfgKYHOG\nfGfR1DKNtYwNqUWcdQwbA2eIJA66VrZigtwZ+Rg1AoIBAQCnCJQ/oa0ASUEu7zSJ\nHOWVIbR8cQ8R8Gn3ex3mgTwht8JeAdNUrDdVlqW2Zw2L3aG7c6gen109Qam1QTAs\nTDM79wg7pj+loKAgrArepLWeeniwqM+qpZf+KHYrfBdjYkqvG+jj8NvZSz/fmDs+\nVtv+uH2dqvbvsNL3Eew9wf8H18amIuddBSnnqoTNqTCUbv5DS01gDOScdDOIW5pH\nwn9bBoNtxvg4xQR5/n7koJhsu+dfCtP5kFpP8pBR5wxz2zW5YvuWxUZoWMx9Hrfy\nsFZyCPfdR4z+RexD6HFWfmVHmEZyD0BMJLLZQlGcLCF09XtYzccEbgQpFazhw/xX\nqAdHAoIBAEgKxCyab038i38SmQquqGhvlXsuBiX7hs+7IYpKaIUYLvRjmP1Xx7fC\nzp9Y59p9fskwPnT92vaZwxGIW6D+dL7eR6Yblkp5jTgOc3rXHwilOHlKFEKT8nVR\nov96PkCvr4ujYrg8k+F72XgWNw6H4yIPi5OtISurX39gvvCCppKpAGlZo4kBvr/N\nAIQl+AuYevtB55K5Yz2d8XccjC9T47GHr13y4et8axtGoZMCaJDZUucxXk8Lmg5m\nXiLaWL1OI045n6pYmD15dIUyJJan0FLHWLmoWHAkDEfiXxKDkl2T5OhSrbgV65e0\nWQrJnzdQTuT79P/mIb5WRWrhedIR1Ps=\n-----END PRIVATE KEY-----\n",
            "public_key_fingerprint_md5": "53:69:c3:71:4f:ee:6a:06:f4:89:b6:bd:d5:de:d8:0b",
            "public_key_fingerprint_sha256": "SHA256:vFC5IYFVLmViyBSjYlG3mBjJtI6k18qM8WdlmN/PzJk",
            "public_key_openssh": "ssh-rsa AAAAB3NzaC1yc2EAAAADAQABAAACAQDWq2b5woX2nejSQZ9hSCh6ZNUwRQGTf5vuC/7MvKy8jaCoebutkIZXQXpTn9cyr9CRTlj9i09mbMXVQveVrkGFzjF6hMTuwtvZ+6xh9YU0z4D6YNypGZFLG4h1wPiEXhahTIcoEHajqpFxrKWnXmMqCK7X540q5UBRjPflpwEsma9FDHqdBc+GDxSbDq9NtSniyoVtB87/+h88Qt289s6hWxl6f0JZBIEs9jndsMtjjzR7jevLNPeQJwZi8K2XOt9Pe9wJmTbzaZ6eNTUhlvsB7klVMd9hV0t0yrnNtZCio+xzYWRZzs53F2SajUHjdLwSWjfxlYB7taPA9nHGwQsTcH+gT+X2XcE2UHB+29HIXyPxZFuCUnmISwG2Cu+uzgLTCydgPBguq5k28RAvjo8PwCx/oE+wufCbHvXVukIrLK/Vcl7kcaKhfvEtJiJP6GCxKx2iNnmBMrm9lnl2bDKOpbDFTtJ9ePZOhPj4Vj8xVQfvUEjizLQivCvgDdw7yNpwl4y6g6kpxnQJ6lgUgLWMjdFCbkd2AsCR6t6hzzGcTibsnPUNeOlDhuGJXbbaIR2iy/timsxM4OlYdr0OhOD1nIOHPxHMbFeoMFs2Z/2IngRfekzhehntIyPDTOzukNj4szNS3hCCo/SF3JPqJfmxkv0qSCE6pnqzCMrryPFltw==\n",
            "public_key_pem": "-----BEGIN PUBLIC KEY-----\nMIICIjANBgkqhkiG9w0BAQEFAAOCAg8AMIICCgKCAgEA1qtm+cKF9p3o0kGfYUgo\nemTVMEUBk3+b7gv+zLysvI2gqHm7rZCGV0F6U5/XMq/QkU5Y/YtPZmzF1UL3la5B\nhc4xeoTE7sLb2fusYfWFNM+A+mDcqRmRSxuIdcD4hF4WoUyHKBB2o6qRcaylp15j\nKgiu1+eNKuVAUYz35acBLJmvRQx6nQXPhg8Umw6vTbUp4sqFbQfO//ofPELdvPbO\noVsZen9CWQSBLPY53bDLY480e43ryzT3kCcGYvCtlzrfT3vcCZk282menjU1IZb7\nAe5JVTHfYVdLdMq5zbWQoqPsc2FkWc7Odxdkmo1B43S8Elo38ZWAe7WjwPZxxsEL\nE3B/oE/l9l3BNlBwftvRyF8j8WRbglJ5iEsBtgrvrs4C0wsnYDwYLquZNvEQL46P\nD8Asf6BPsLnwmx711bpCKyyv1XJe5HGioX7xLSYiT+hgsSsdojZ5gTK5vZZ5dmwy\njqWwxU7SfXj2ToT4+FY/MVUH71BI4sy0Irwr4A3cO8jacJeMuoOpKcZ0CepYFIC1\njI3RQm5HdgLAkereoc8xnE4m7Jz1DXjpQ4bhiV222iEdosv7YprMTODpWHa9DoTg\n9ZyDhz8RzGxXqDBbNmf9iJ4EX3pM4XoZ7SMjw0zs7pDY+LMzUt4QgqP0hdyT6iX5\nsZL9KkghOqZ6swjK68jxZbcCAwEAAQ==\n-----END PUBLIC KEY-----\n",
            "rsa_bits": 4096
          },
          "sensitive_attributes": [
            [
              {
                "type": "get_attr",
                "value": "private_key_openssh"
              }
            ],
            [
              {
                "type": "get_attr",
                "value": "private_key_pem"
              }
            ],
            [
              {
                "type": "get_attr",
                "value": "private_key_pem_pkcs8"
              }
            ]
          ]
        }
      ]
    },
    {
      "module": "module.dynamodb",
      "mode": "managed",
      "type": "aws_dynamodb_table",
      "name": "my_table",
      "provider": "provider[\"registry.terraform.io/hashicorp/aws\"]",
      "instances": [
        {
          "schema_version": 1,
          "attributes": {
            "arn": "arn:aws:dynamodb:us-east-1:654654361786:table/terraform-lock-table",
            "attribute": [
              {
                "name": "ID",
                "type": "S"
              }
            ],
            "billing_mode": "PAY_PER_REQUEST",
            "deletion_protection_enabled": false,
            "global_secondary_index": [],
            "hash_key": "ID",
            "id": "terraform-lock-table",
            "import_table": [],
            "local_secondary_index": [],
            "name": "terraform-lock-table",
            "point_in_time_recovery": [
              {
                "enabled": false
              }
            ],
            "range_key": null,
            "read_capacity": 0,
            "replica": [],
            "restore_date_time": null,
            "restore_source_name": null,
            "restore_to_latest_time": null,
            "server_side_encryption": [],
            "stream_arn": "",
            "stream_enabled": false,
            "stream_label": "",
            "stream_view_type": "",
            "table_class": "STANDARD",
            "tags": {
              "Environment": "dev",
              "Name": "terraform-lock-table"
            },
            "tags_all": {
              "Environment": "dev",
              "Name": "terraform-lock-table"
            },
            "timeouts": null,
            "ttl": [
              {
                "attribute_name": "",
                "enabled": false
              }
            ],
            "write_capacity": 0
          },
          "sensitive_attributes": [],
          "private": "eyJlMmJmYjczMC1lY2FhLTExZTYtOGY4OC0zNDM2M2JjN2M0YzAiOnsiY3JlYXRlIjoxODAwMDAwMDAwMDAwLCJkZWxldGUiOjYwMDAwMDAwMDAwMCwidXBkYXRlIjozNjAwMDAwMDAwMDAwfSwic2NoZW1hX3ZlcnNpb24iOiIxIn0="
        }
      ]
    },
    {
      "module": "module.ec2",
      "mode": "managed",
      "type": "aws_ebs_volume",
      "name": "ec2_volume",
      "provider": "provider[\"registry.terraform.io/hashicorp/aws\"]",
      "instances": [
        {
          "schema_version": 0,
          "attributes": {
            "arn": "arn:aws:ec2:us-east-1:654654361786:volume/vol-0fc35288c3985a5f4",
            "availability_zone": "us-east-1a",
            "encrypted": false,
            "final_snapshot": false,
            "id": "vol-0fc35288c3985a5f4",
            "iops": 100,
            "kms_key_id": "",
            "multi_attach_enabled": false,
            "outpost_arn": "",
            "size": 20,
            "snapshot_id": "",
            "tags": {
              "Name": "ec2_volume"
            },
            "tags_all": {
              "Name": "ec2_volume"
            },
            "throughput": 0,
            "timeouts": null,
            "type": "gp2"
          },
          "sensitive_attributes": [],
          "private": "eyJlMmJmYjczMC1lY2FhLTExZTYtOGY4OC0zNDM2M2JjN2M0YzAiOnsiY3JlYXRlIjozMDAwMDAwMDAwMDAsImRlbGV0ZSI6MzAwMDAwMDAwMDAwLCJ1cGRhdGUiOjMwMDAwMDAwMDAwMH19",
          "dependencies": [
            "module.ec2.aws_instance.app",
            "module.security_groups.aws_security_group.main",
            "module.subnets.aws_subnet.public",
            "module.vpc.aws_vpc.main"
          ]
        }
      ]
    },
    {
      "module": "module.ec2",
      "mode": "managed",
      "type": "aws_instance",
      "name": "app",
      "provider": "provider[\"registry.terraform.io/hashicorp/aws\"]",
      "instances": [
        {
          "schema_version": 1,
          "attributes": {
            "ami": "ami-04b70fa74e45c3917",
            "arn": "arn:aws:ec2:us-east-1:654654361786:instance/i-0ecb95dc662f31588",
            "associate_public_ip_address": true,
            "availability_zone": "us-east-1a",
            "capacity_reservation_specification": [
              {
                "capacity_reservation_preference": "open",
                "capacity_reservation_target": []
              }
            ],
            "cpu_core_count": 1,
            "cpu_options": [
              {
                "amd_sev_snp": "",
                "core_count": 1,
                "threads_per_core": 2
              }
            ],
            "cpu_threads_per_core": 2,
            "credit_specification": [
              {
                "cpu_credits": "unlimited"
              }
            ],
            "disable_api_stop": false,
            "disable_api_termination": false,
            "ebs_block_device": [],
            "ebs_optimized": false,
            "enclave_options": [
              {
                "enabled": false
              }
            ],
            "ephemeral_block_device": [],
            "get_password_data": false,
            "hibernation": false,
            "host_id": "",
            "host_resource_group_arn": null,
            "iam_instance_profile": "",
            "id": "i-0ecb95dc662f31588",
            "instance_initiated_shutdown_behavior": "stop",
            "instance_lifecycle": "",
            "instance_market_options": [],
            "instance_state": "running",
            "instance_type": "t3.medium",
            "ipv6_address_count": 0,
            "ipv6_addresses": [],
            "key_name": "mykeypair",
            "launch_template": [],
            "maintenance_options": [
              {
                "auto_recovery": "default"
              }
            ],
            "metadata_options": [
              {
                "http_endpoint": "enabled",
                "http_protocol_ipv6": "disabled",
                "http_put_response_hop_limit": 2,
                "http_tokens": "required",
                "instance_metadata_tags": "disabled"
              }
            ],
            "monitoring": false,
            "network_interface": [],
            "outpost_arn": "",
            "password_data": "",
            "placement_group": "",
            "placement_partition_number": 0,
            "primary_network_interface_id": "eni-00c638291767b1b33",
            "private_dns": "ip-10-0-1-146.ec2.internal",
            "private_dns_name_options": [
              {
                "enable_resource_name_dns_a_record": false,
                "enable_resource_name_dns_aaaa_record": false,
                "hostname_type": "ip-name"
              }
            ],
            "private_ip": "10.0.1.146",
            "public_dns": "",
            "public_ip": "34.207.172.61",
            "root_block_device": [
              {
                "delete_on_termination": true,
                "device_name": "/dev/sda1",
                "encrypted": false,
                "iops": 3000,
                "kms_key_id": "",
                "tags": {},
                "tags_all": {},
                "throughput": 125,
                "volume_id": "vol-080552f2f60e60006",
                "volume_size": 8,
                "volume_type": "gp3"
              }
            ],
            "secondary_private_ips": [],
            "security_groups": [
              "sg-089c04eb5c1ab63f9"
            ],
            "source_dest_check": true,
            "spot_instance_request_id": "",
            "subnet_id": "subnet-097c394f36b9aad9c",
            "tags": {
              "Name": "app-instance"
            },
            "tags_all": {
              "Name": "app-instance"
            },
            "tenancy": "default",
            "timeouts": null,
            "user_data": null,
            "user_data_base64": null,
            "user_data_replace_on_change": false,
            "volume_tags": null,
            "vpc_security_group_ids": [
              "sg-089c04eb5c1ab63f9"
            ]
          },
          "sensitive_attributes": [],
          "private": "eyJlMmJmYjczMC1lY2FhLTExZTYtOGY4OC0zNDM2M2JjN2M0YzAiOnsiY3JlYXRlIjo2MDAwMDAwMDAwMDAsImRlbGV0ZSI6MTIwMDAwMDAwMDAwMCwicmVhZCI6OTAwMDAwMDAwMDAwLCJ1cGRhdGUiOjYwMDAwMDAwMDAwMH0sInNjaGVtYV92ZXJzaW9uIjoiMSJ9",
          "dependencies": [
            "module.security_groups.aws_security_group.main",
            "module.subnets.aws_subnet.public",
            "module.vpc.aws_vpc.main"
          ]
        }
      ]
    },
    {
      "module": "module.ec2",
      "mode": "managed",
      "type": "aws_volume_attachment",
      "name": "ec2_attachment",
      "provider": "provider[\"registry.terraform.io/hashicorp/aws\"]",
      "instances": [
        {
          "schema_version": 0,
          "attributes": {
            "device_name": "/dev/sdh",
            "force_detach": null,
            "id": "vai-4250975469",
            "instance_id": "i-0ecb95dc662f31588",
            "skip_destroy": null,
            "stop_instance_before_detaching": null,
            "timeouts": null,
            "volume_id": "vol-0fc35288c3985a5f4"
          },
          "sensitive_attributes": [],
          "private": "eyJlMmJmYjczMC1lY2FhLTExZTYtOGY4OC0zNDM2M2JjN2M0YzAiOnsiY3JlYXRlIjozMDAwMDAwMDAwMDAsImRlbGV0ZSI6MzAwMDAwMDAwMDAwfX0=",
          "dependencies": [
            "module.ec2.aws_ebs_volume.ec2_volume",
            "module.ec2.aws_instance.app",
            "module.security_groups.aws_security_group.main",
            "module.subnets.aws_subnet.public",
            "module.vpc.aws_vpc.main"
          ]
        }
      ]
    },
    {
      "module": "module.s3",
      "mode": "managed",
      "type": "aws_s3_bucket",
      "name": "my_bucket",
      "provider": "provider[\"registry.terraform.io/hashicorp/aws\"]",
      "instances": [
        {
          "schema_version": 0,
          "attributes": {
            "acceleration_status": "",
            "acl": null,
            "arn": "arn:aws:s3:::omarshaban32-s3-b1b2b3b4b5b6b7b8b9",
            "bucket": "omarshaban32-s3-b1b2b3b4b5b6b7b8b9",
            "bucket_domain_name": "omarshaban32-s3-b1b2b3b4b5b6b7b8b9.s3.amazonaws.com",
            "bucket_prefix": "",
            "bucket_regional_domain_name": "omarshaban32-s3-b1b2b3b4b5b6b7b8b9.s3.us-east-1.amazonaws.com",
            "cors_rule": [],
            "force_destroy": false,
            "grant": [
              {
                "id": "fa3b1707ab47e3c42b0722c373c7ec4d845097281ac62fc71cb8464a353eab11",
                "permissions": [
                  "FULL_CONTROL"
                ],
                "type": "CanonicalUser",
                "uri": ""
              }
            ],
            "hosted_zone_id": "Z3AQBSTGFYJSTF",
            "id": "omarshaban32-s3-b1b2b3b4b5b6b7b8b9",
            "lifecycle_rule": [],
            "logging": [],
            "object_lock_configuration": [],
            "object_lock_enabled": false,
            "policy": "",
            "region": "us-east-1",
            "replication_configuration": [],
            "request_payer": "BucketOwner",
            "server_side_encryption_configuration": [
              {
                "rule": [
                  {
                    "apply_server_side_encryption_by_default": [
                      {
                        "kms_master_key_id": "",
                        "sse_algorithm": "AES256"
                      }
                    ],
                    "bucket_key_enabled": false
                  }
                ]
              }
            ],
            "tags": {
              "Environment": "dev",
              "Name": "omarshaban32-s3-b1b2b3b4b5b6b7b8b9"
            },
            "tags_all": {
              "Environment": "dev",
              "Name": "omarshaban32-s3-b1b2b3b4b5b6b7b8b9"
            },
            "timeouts": null,
            "versioning": [
              {
                "enabled": false,
                "mfa_delete": false
              }
            ],
            "website": [],
            "website_domain": null,
            "website_endpoint": null
          },
          "sensitive_attributes": [],
          "private": "eyJlMmJmYjczMC1lY2FhLTExZTYtOGY4OC0zNDM2M2JjN2M0YzAiOnsiY3JlYXRlIjoxMjAwMDAwMDAwMDAwLCJkZWxldGUiOjM2MDAwMDAwMDAwMDAsInJlYWQiOjEyMDAwMDAwMDAwMDAsInVwZGF0ZSI6MTIwMDAwMDAwMDAwMH19"
        }
      ]
    },
    {
      "module": "module.s3",
      "mode": "managed",
      "type": "aws_s3_bucket_versioning",
      "name": "versioning",
      "provider": "provider[\"registry.terraform.io/hashicorp/aws\"]",
      "instances": [
        {
          "schema_version": 0,
          "attributes": {
            "bucket": "omarshaban32-s3-b1b2b3b4b5b6b7b8b9",
            "expected_bucket_owner": "",
            "id": "omarshaban32-s3-b1b2b3b4b5b6b7b8b9",
            "mfa": null,
            "versioning_configuration": [
              {
                "mfa_delete": "",
                "status": "Enabled"
              }
            ]
          },
          "sensitive_attributes": [],
          "private": "bnVsbA==",
          "dependencies": [
            "module.s3.aws_s3_bucket.my_bucket"
          ]
        }
      ]
    },
    {
      "module": "module.security_groups",
      "mode": "managed",
      "type": "aws_security_group",
      "name": "main",
      "provider": "provider[\"registry.terraform.io/hashicorp/aws\"]",
      "instances": [
        {
          "schema_version": 1,
          "attributes": {
            "arn": "arn:aws:ec2:us-east-1:654654361786:security-group/sg-089c04eb5c1ab63f9",
            "description": "Managed by Terraform",
            "egress": [
              {
                "cidr_blocks": [
                  "0.0.0.0/0"
                ],
                "description": "",
                "from_port": 0,
                "ipv6_cidr_blocks": [],
                "prefix_list_ids": [],
                "protocol": "-1",
                "security_groups": [],
                "self": false,
                "to_port": 0
              }
            ],
            "id": "sg-089c04eb5c1ab63f9",
            "ingress": [
              {
                "cidr_blocks": [
                  "0.0.0.0/0"
                ],
                "description": "",
                "from_port": 8080,
                "ipv6_cidr_blocks": [],
                "prefix_list_ids": [],
                "protocol": "tcp",
                "security_groups": [],
                "self": false,
                "to_port": 8080
              },
              {
                "cidr_blocks": [
                  "0.0.0.0/0"
                ],
                "description": "",
                "from_port": 80,
                "ipv6_cidr_blocks": [],
                "prefix_list_ids": [],
                "protocol": "tcp",
                "security_groups": [],
                "self": false,
                "to_port": 80
              },
              {
                "cidr_blocks": [
                  "0.0.0.0/0"
                ],
                "description": "",
                "from_port": 9000,
                "ipv6_cidr_blocks": [],
                "prefix_list_ids": [],
                "protocol": "tcp",
                "security_groups": [],
                "self": false,
                "to_port": 9000
              },
              {
                "cidr_blocks": [
                  "0.0.0.0/0"
                ],
                "description": "SSH",
                "from_port": 22,
                "ipv6_cidr_blocks": [],
                "prefix_list_ids": [],
                "protocol": "tcp",
                "security_groups": [],
                "self": false,
                "to_port": 22
              }
            ],
            "name": "terraform-20240621113209969200000001",
            "name_prefix": "terraform-",
            "owner_id": "654654361786",
            "revoke_rules_on_delete": false,
            "tags": {
              "Name": "main-security-group"
            },
            "tags_all": {
              "Name": "main-security-group"
            },
            "timeouts": null,
            "vpc_id": "vpc-0fd17a370b5a5e9c4"
          },
          "sensitive_attributes": [],
          "private": "eyJlMmJmYjczMC1lY2FhLTExZTYtOGY4OC0zNDM2M2JjN2M0YzAiOnsiY3JlYXRlIjo2MDAwMDAwMDAwMDAsImRlbGV0ZSI6OTAwMDAwMDAwMDAwfSwic2NoZW1hX3ZlcnNpb24iOiIxIn0=",
          "dependencies": [
            "module.vpc.aws_vpc.main"
          ]
        }
      ]
    },
    {
      "module": "module.subnets",
      "mode": "managed",
      "type": "aws_internet_gateway",
      "name": "igw",
      "provider": "provider[\"registry.terraform.io/hashicorp/aws\"]",
      "instances": [
        {
          "schema_version": 0,
          "attributes": {
            "arn": "arn:aws:ec2:us-east-1:654654361786:internet-gateway/igw-074d33c26744297ba",
            "id": "igw-074d33c26744297ba",
            "owner_id": "654654361786",
            "tags": {
              "Name": "app-vpc-igw"
            },
            "tags_all": {
              "Name": "app-vpc-igw"
            },
            "timeouts": null,
            "vpc_id": "vpc-0fd17a370b5a5e9c4"
          },
          "sensitive_attributes": [],
          "private": "eyJlMmJmYjczMC1lY2FhLTExZTYtOGY4OC0zNDM2M2JjN2M0YzAiOnsiY3JlYXRlIjoxMjAwMDAwMDAwMDAwLCJkZWxldGUiOjEyMDAwMDAwMDAwMDAsInVwZGF0ZSI6MTIwMDAwMDAwMDAwMH19",
          "dependencies": [
            "module.vpc.aws_vpc.main"
          ]
        }
      ]
    },
    {
      "module": "module.subnets",
      "mode": "managed",
      "type": "aws_route_table",
      "name": "igw-rtw",
      "provider": "provider[\"registry.terraform.io/hashicorp/aws\"]",
      "instances": [
        {
          "schema_version": 0,
          "attributes": {
            "arn": "arn:aws:ec2:us-east-1:654654361786:route-table/rtb-0eb4e5759da580b07",
            "id": "rtb-0eb4e5759da580b07",
            "owner_id": "654654361786",
            "propagating_vgws": [],
            "route": [
              {
                "carrier_gateway_id": "",
                "cidr_block": "0.0.0.0/0",
                "core_network_arn": "",
                "destination_prefix_list_id": "",
                "egress_only_gateway_id": "",
                "gateway_id": "igw-074d33c26744297ba",
                "ipv6_cidr_block": "",
                "local_gateway_id": "",
                "nat_gateway_id": "",
                "network_interface_id": "",
                "transit_gateway_id": "",
                "vpc_endpoint_id": "",
                "vpc_peering_connection_id": ""
              }
            ],
            "tags": {
              "Name": "app-vpc-rtb-public"
            },
            "tags_all": {
              "Name": "app-vpc-rtb-public"
            },
            "timeouts": null,
            "vpc_id": "vpc-0fd17a370b5a5e9c4"
          },
          "sensitive_attributes": [],
          "private": "eyJlMmJmYjczMC1lY2FhLTExZTYtOGY4OC0zNDM2M2JjN2M0YzAiOnsiY3JlYXRlIjozMDAwMDAwMDAwMDAsImRlbGV0ZSI6MzAwMDAwMDAwMDAwLCJ1cGRhdGUiOjEyMDAwMDAwMDAwMH19",
          "dependencies": [
            "module.subnets.aws_internet_gateway.igw",
            "module.vpc.aws_vpc.main"
          ]
        }
      ]
    },
    {
      "module": "module.subnets",
      "mode": "managed",
      "type": "aws_route_table_association",
      "name": "rtb_igw_association",
      "provider": "provider[\"registry.terraform.io/hashicorp/aws\"]",
      "instances": [
        {
          "schema_version": 0,
          "attributes": {
            "gateway_id": "",
            "id": "rtbassoc-0eb3f41d53b666ce5",
            "route_table_id": "rtb-0eb4e5759da580b07",
            "subnet_id": "subnet-097c394f36b9aad9c",
            "timeouts": null
          },
          "sensitive_attributes": [],
          "private": "eyJlMmJmYjczMC1lY2FhLTExZTYtOGY4OC0zNDM2M2JjN2M0YzAiOnsiY3JlYXRlIjozMDAwMDAwMDAwMDAsImRlbGV0ZSI6MzAwMDAwMDAwMDAwLCJ1cGRhdGUiOjEyMDAwMDAwMDAwMH19",
          "dependencies": [
            "module.subnets.aws_internet_gateway.igw",
            "module.subnets.aws_route_table.igw-rtw",
            "module.subnets.aws_subnet.public",
            "module.vpc.aws_vpc.main"
          ]
        }
      ]
    },
    {
      "module": "module.subnets",
      "mode": "managed",
      "type": "aws_subnet",
      "name": "public",
      "provider": "provider[\"registry.terraform.io/hashicorp/aws\"]",
      "instances": [
        {
          "schema_version": 1,
          "attributes": {
            "arn": "arn:aws:ec2:us-east-1:654654361786:subnet/subnet-097c394f36b9aad9c",
            "assign_ipv6_address_on_creation": false,
            "availability_zone": "us-east-1a",
            "availability_zone_id": "use1-az6",
            "cidr_block": "10.0.1.0/24",
            "customer_owned_ipv4_pool": "",
            "enable_dns64": false,
            "enable_lni_at_device_index": 0,
            "enable_resource_name_dns_a_record_on_launch": false,
            "enable_resource_name_dns_aaaa_record_on_launch": false,
            "id": "subnet-097c394f36b9aad9c",
            "ipv6_cidr_block": "",
            "ipv6_cidr_block_association_id": "",
            "ipv6_native": false,
            "map_customer_owned_ip_on_launch": false,
            "map_public_ip_on_launch": true,
            "outpost_arn": "",
            "owner_id": "654654361786",
            "private_dns_hostname_type_on_launch": "ip-name",
            "tags": {
              "Name": "public-subnet"
            },
            "tags_all": {
              "Name": "public-subnet"
            },
            "timeouts": null,
            "vpc_id": "vpc-0fd17a370b5a5e9c4"
          },
          "sensitive_attributes": [],
          "private": "eyJlMmJmYjczMC1lY2FhLTExZTYtOGY4OC0zNDM2M2JjN2M0YzAiOnsiY3JlYXRlIjo2MDAwMDAwMDAwMDAsImRlbGV0ZSI6MTIwMDAwMDAwMDAwMH0sInNjaGVtYV92ZXJzaW9uIjoiMSJ9",
          "dependencies": [
            "module.vpc.aws_vpc.main"
          ]
        }
      ]
    },
    {
      "module": "module.vpc",
      "mode": "managed",
      "type": "aws_vpc",
      "name": "main",
      "provider": "provider[\"registry.terraform.io/hashicorp/aws\"]",
      "instances": [
        {
          "schema_version": 1,
          "attributes": {
            "arn": "arn:aws:ec2:us-east-1:654654361786:vpc/vpc-0fd17a370b5a5e9c4",
            "assign_generated_ipv6_cidr_block": false,
            "cidr_block": "10.0.0.0/16",
            "default_network_acl_id": "acl-0ed3147bd266089be",
            "default_route_table_id": "rtb-09e36f0bf30900e30",
            "default_security_group_id": "sg-03a2180950a0def9c",
            "dhcp_options_id": "dopt-05a1a627f8f960ed9",
            "enable_dns_hostnames": false,
            "enable_dns_support": true,
            "enable_network_address_usage_metrics": false,
            "id": "vpc-0fd17a370b5a5e9c4",
            "instance_tenancy": "default",
            "ipv4_ipam_pool_id": null,
            "ipv4_netmask_length": null,
            "ipv6_association_id": "",
            "ipv6_cidr_block": "",
            "ipv6_cidr_block_network_border_group": "",
            "ipv6_ipam_pool_id": "",
            "ipv6_netmask_length": 0,
            "main_route_table_id": "rtb-09e36f0bf30900e30",
            "owner_id": "654654361786",
            "tags": {
              "Name": "main-vpc"
            },
            "tags_all": {
              "Name": "main-vpc"
            }
          },
          "sensitive_attributes": [],
          "private": "eyJzY2hlbWFfdmVyc2lvbiI6IjEifQ=="
        }
      ]
    }
  ],
  "check_results": null
}
